
Microsoft Visual Studio Solution File, Format Version 11.00
# Visual Studio 2010
Project("{FAE04EC0-301F-11D3-BF4B-00C04F79EFBC}") = "UnityEngine.UI", "UnityEngine.UI.csproj", "{a235a9e9-27e9-52c0-a478-dd9aabf61680}"
EndProject
Project("{FAE04EC0-301F-11D3-BF4B-00C04F79EFBC}") = "UnityEngine.TestRunner", "UnityEngine.TestRunner.csproj", "{2d2286c3-1818-be1d-2cac-268b7d409781}"
EndProject
Project("{FAE04EC0-301F-11D3-BF4B-00C04F79EFBC}") = "Unity.VisualScripting.Flow", "Unity.VisualScripting.Flow.csproj", "{4d3e46fa-f702-2d93-3f16-a43976758ea6}"
EndProject
Project("{FAE04EC0-301F-11D3-BF4B-00C04F79EFBC}") = "Unity.Mathematics", "Unity.Mathematics.csproj", "{53a39349-6cf0-16dd-534e-3c9602f19081}"
EndProject
Project("{FAE04EC0-301F-11D3-BF4B-00C04F79EFBC}") = "Unity.Services.Core.Telemetry", "Unity.Services.Core.Telemetry.csproj", "{801be57b-4ff6-3957-3b64-19719b543434}"
EndProject
Project("{FAE04EC0-301F-11D3-BF4B-00C04F79EFBC}") = "Unity.VisualScripting.State", "Unity.VisualScripting.State.csproj", "{34c6cc2d-4bbf-bbbd-649a-2bf86e6afaf5}"
EndProject
Project("{FAE04EC0-301F-11D3-BF4B-00C04F79EFBC}") = "Unity.VisualScripting.Core", "Unity.VisualScripting.Core.csproj", "{1fcfa6e9-86fd-f1cd-bae7-009160873771}"
EndProject
Project("{FAE04EC0-301F-11D3-BF4B-00C04F79EFBC}") = "Unity.Services.Core.Environments.Internal", "Unity.Services.Core.Environments.Internal.csproj", "{87cda6f3-ea6f-3f72-8845-03b00790141a}"
EndProject
Project("{FAE04EC0-301F-11D3-BF4B-00C04F79EFBC}") = "Unity.Burst", "Unity.Burst.csproj", "{989c4b28-0ea4-f9f0-6ce3-c6dbdd66afc3}"
EndProject
Project("{FAE04EC0-301F-11D3-BF4B-00C04F79EFBC}") = "Unity.2D.Animation.Runtime", "Unity.2D.Animation.Runtime.csproj", "{762af24e-9b30-cc9d-d5da-ad469d215e48}"
EndProject
Project("{FAE04EC0-301F-11D3-BF4B-00C04F79EFBC}") = "Unity.TextMeshPro", "Unity.TextMeshPro.csproj", "{5f625c6a-92fb-fc13-1a7c-7145c1917619}"
EndProject
Project("{FAE04EC0-301F-11D3-BF4B-00C04F79EFBC}") = "Unity.Timeline", "Unity.Timeline.csproj", "{b6165393-157c-c392-64e1-5590ea35d93a}"
EndProject
Project("{FAE04EC0-301F-11D3-BF4B-00C04F79EFBC}") = "Unity.Services.Core", "Unity.Services.Core.csproj", "{1ec25c1f-9980-086e-4800-34e8cedd82ab}"
EndProject
Project("{FAE04EC0-301F-11D3-BF4B-00C04F79EFBC}") = "Unity.Services.Core.Environments", "Unity.Services.Core.Environments.csproj", "{5bf92ea6-a0c4-fc01-c567-921b187eba20}"
EndProject
Project("{FAE04EC0-301F-11D3-BF4B-00C04F79EFBC}") = "Unity.Services.Core.Internal", "Unity.Services.Core.Internal.csproj", "{5612c818-c5b6-2628-73eb-46fee540d9fb}"
EndProject
Project("{FAE04EC0-301F-11D3-BF4B-00C04F79EFBC}") = "Unity.Services.Core.Analytics", "Unity.Services.Core.Analytics.csproj", "{41529c81-7ede-13f2-cc82-52f77ee373d3}"
EndProject
Project("{FAE04EC0-301F-11D3-BF4B-00C04F79EFBC}") = "Unity.2D.SpriteShape.Runtime", "Unity.2D.SpriteShape.Runtime.csproj", "{530fb427-a5cc-8165-d5c1-fc792bc4b092}"
EndProject
Project("{FAE04EC0-301F-11D3-BF4B-00C04F79EFBC}") = "Unity.Services.Core.Scheduler", "Unity.Services.Core.Scheduler.csproj", "{81d8f7ae-14eb-d6a5-2da1-0189034f18e9}"
EndProject
Project("{FAE04EC0-301F-11D3-BF4B-00C04F79EFBC}") = "Assembly-CSharp", "Assembly-CSharp.csproj", "{0d81dafa-28ab-4594-8307-6f871abf2891}"
EndProject
Project("{FAE04EC0-301F-11D3-BF4B-00C04F79EFBC}") = "Unity.Services.Core.Registration", "Unity.Services.Core.Registration.csproj", "{e370351f-c240-b8a9-0e3a-7720838b5fde}"
EndProject
Project("{FAE04EC0-301F-11D3-BF4B-00C04F79EFBC}") = "Unity.2D.PixelPerfect", "Unity.2D.PixelPerfect.csproj", "{2caac3be-38d0-3e9b-4a98-bdf496929117}"
EndProject
Project("{FAE04EC0-301F-11D3-BF4B-00C04F79EFBC}") = "Unity.2D.Common.Runtime", "Unity.2D.Common.Runtime.csproj", "{171ceed8-9089-195a-cdc3-483a6563ba7e}"
EndProject
Project("{FAE04EC0-301F-11D3-BF4B-00C04F79EFBC}") = "Unity.2D.IK.Runtime", "Unity.2D.IK.Runtime.csproj", "{7322e9c7-f26c-1cc0-464e-d56a0906e509}"
EndProject
Project("{FAE04EC0-301F-11D3-BF4B-00C04F79EFBC}") = "Unity.Services.Core.Device", "Unity.Services.Core.Device.csproj", "{53f91ef7-e883-4268-8653-c9526c173095}"
EndProject
Project("{FAE04EC0-301F-11D3-BF4B-00C04F79EFBC}") = "Unity.Services.Core.Threading", "Unity.Services.Core.Threading.csproj", "{6f75a68f-9063-b286-3a42-948e63f6bb0a}"
EndProject
Project("{FAE04EC0-301F-11D3-BF4B-00C04F79EFBC}") = "Unity.2D.Tilemap.Extras", "Unity.2D.Tilemap.Extras.csproj", "{9a3fae30-9642-34a2-37d7-d801d7d7d258}"
EndProject
Project("{FAE04EC0-301F-11D3-BF4B-00C04F79EFBC}") = "Unity.Services.Core.Networking", "Unity.Services.Core.Networking.csproj", "{b575e7b6-e43a-b800-a9df-6ee680b22003}"
EndProject
Project("{FAE04EC0-301F-11D3-BF4B-00C04F79EFBC}") = "Unity.InternalAPIEngineBridge.001", "Unity.InternalAPIEngineBridge.001.csproj", "{dac74afe-e49c-74fc-6870-314f53e4a32f}"
EndProject
Project("{FAE04EC0-301F-11D3-BF4B-00C04F79EFBC}") = "Unity.Services.Core.Configuration", "Unity.Services.Core.Configuration.csproj", "{f970c03c-e8d0-16ce-b4ff-5e02e9cd80cd}"
EndProject
Project("{FAE04EC0-301F-11D3-BF4B-00C04F79EFBC}") = "Unity.PlasticSCM.Editor", "Unity.PlasticSCM.Editor.csproj", "{51307a89-9517-3fa8-9e4d-ba50affe1afe}"
EndProject
Project("{FAE04EC0-301F-11D3-BF4B-00C04F79EFBC}") = "Unity.VisualScripting.Core.Editor", "Unity.VisualScripting.Core.Editor.csproj", "{55e9d122-8de6-cdcc-fe26-1e62ba426069}"
EndProject
Project("{FAE04EC0-301F-11D3-BF4B-00C04F79EFBC}") = "Unity.VisualScripting.Flow.Editor", "Unity.VisualScripting.Flow.Editor.csproj", "{d2769af9-96aa-f7d0-3d4d-e063e4e48ac2}"
EndProject
Project("{FAE04EC0-301F-11D3-BF4B-00C04F79EFBC}") = "Unity.VisualStudio.Editor", "Unity.VisualStudio.Editor.csproj", "{79656718-ba8d-9632-2d9d-990012bb0a19}"
EndProject
Project("{FAE04EC0-301F-11D3-BF4B-00C04F79EFBC}") = "Unity.Timeline.Editor", "Unity.Timeline.Editor.csproj", "{0e25f9bc-abcf-cb5f-a707-80b80c39496b}"
EndProject
Project("{FAE04EC0-301F-11D3-BF4B-00C04F79EFBC}") = "Unity.VisualScripting.State.Editor", "Unity.VisualScripting.State.Editor.csproj", "{f1036df6-6467-5e4b-565f-31e144927c2b}"
EndProject
Project("{FAE04EC0-301F-11D3-BF4B-00C04F79EFBC}") = "Unity.TextMeshPro.Editor", "Unity.TextMeshPro.Editor.csproj", "{ac5b3156-87ea-a4e6-ebfb-e4666fe15948}"
EndProject
Project("{FAE04EC0-301F-11D3-BF4B-00C04F79EFBC}") = "Unity.2D.PixelPerfect.Editor", "Unity.2D.PixelPerfect.Editor.csproj", "{c4ef71b6-9037-9994-c53c-48b75ebff516}"
EndProject
Project("{FAE04EC0-301F-11D3-BF4B-00C04F79EFBC}") = "Unity.2D.Animation.Editor", "Unity.2D.Animation.Editor.csproj", "{871af4bf-d40d-564d-e57a-2e3c6eb96805}"
EndProject
Project("{FAE04EC0-301F-11D3-BF4B-00C04F79EFBC}") = "Unity.VisualScripting.SettingsProvider.Editor", "Unity.VisualScripting.SettingsProvider.Editor.csproj", "{0ea5dad0-afdb-9ed9-b3b0-0365620a9a1b}"
EndProject
Project("{FAE04EC0-301F-11D3-BF4B-00C04F79EFBC}") = "Unity.CollabProxy.Editor", "Unity.CollabProxy.Editor.csproj", "{847109e7-ab5e-46e3-b831-4aba47e91dea}"
EndProject
Project("{FAE04EC0-301F-11D3-BF4B-00C04F79EFBC}") = "UnityEditor.TestRunner", "UnityEditor.TestRunner.csproj", "{eaa8ccad-da59-49b5-bb0e-675b3ffe21b8}"
EndProject
Project("{FAE04EC0-301F-11D3-BF4B-00C04F79EFBC}") = "Unity.2D.Tilemap.Editor", "Unity.2D.Tilemap.Editor.csproj", "{7668f07e-2d96-10bd-5d4c-7d44d35a439a}"
EndProject
Project("{FAE04EC0-301F-11D3-BF4B-00C04F79EFBC}") = "Unity.Services.Core.Editor", "Unity.Services.Core.Editor.csproj", "{ac8cd76e-e347-ddc4-f6de-758114d3221b}"
EndProject
Project("{FAE04EC0-301F-11D3-BF4B-00C04F79EFBC}") = "Unity.Rider.Editor", "Unity.Rider.Editor.csproj", "{16f7d05c-44ce-c950-0a23-fba9cbc1998a}"
EndProject
Project("{FAE04EC0-301F-11D3-BF4B-00C04F79EFBC}") = "Unity.2D.Path.Editor", "Unity.2D.Path.Editor.csproj", "{32c0f9b5-2a30-3827-bf46-8548eebd7ed5}"
EndProject
Project("{FAE04EC0-301F-11D3-BF4B-00C04F79EFBC}") = "PsdPlugin", "PsdPlugin.csproj", "{2e520180-c669-aeb2-631e-8989ec2871a6}"
EndProject
Project("{FAE04EC0-301F-11D3-BF4B-00C04F79EFBC}") = "Unity.2D.IK.Editor", "Unity.2D.IK.Editor.csproj", "{44dab8d2-82c6-3154-2a51-0516f9145561}"
EndProject
Project("{FAE04EC0-301F-11D3-BF4B-00C04F79EFBC}") = "Unity.2D.Psdimporter.Editor", "Unity.2D.Psdimporter.Editor.csproj", "{48a4a192-0e53-758c-7d0b-3f54f3c70403}"
EndProject
Project("{FAE04EC0-301F-11D3-BF4B-00C04F79EFBC}") = "Unity.2D.SpriteShape.Editor", "Unity.2D.SpriteShape.Editor.csproj", "{ae2d73f1-b6df-1e2d-5381-423a8d9d7fff}"
EndProject
Project("{FAE04EC0-301F-11D3-BF4B-00C04F79EFBC}") = "Unity.Burst.CodeGen", "Unity.Burst.CodeGen.csproj", "{977f2fb7-5347-2672-66f5-c34b42d5fdc4}"
EndProject
Project("{FAE04EC0-301F-11D3-BF4B-00C04F79EFBC}") = "Unity.VSCode.Editor", "Unity.VSCode.Editor.csproj", "{3b896fec-a74b-c49c-6708-ae805d0aa311}"
EndProject
Project("{FAE04EC0-301F-11D3-BF4B-00C04F79EFBC}") = "Unity.2D.Sprite.Editor", "Unity.2D.Sprite.Editor.csproj", "{e3318894-b4bc-a076-056a-670362813bd1}"
EndProject
Project("{FAE04EC0-301F-11D3-BF4B-00C04F79EFBC}") = "UnityEditor.UI", "UnityEditor.UI.csproj", "{7db93acf-beb0-32d7-979b-b416a85dd129}"
EndProject
Project("{FAE04EC0-301F-11D3-BF4B-00C04F79EFBC}") = "Unity.2D.Common.Editor", "Unity.2D.Common.Editor.csproj", "{2dfff053-8791-d861-05b5-f6dcd13ecfc2}"
EndProject
Project("{FAE04EC0-301F-11D3-BF4B-00C04F79EFBC}") = "Unity.Mathematics.Editor", "Unity.Mathematics.Editor.csproj", "{f847e637-9996-8be0-577b-8cddadcb4504}"
EndProject
Project("{FAE04EC0-301F-11D3-BF4B-00C04F79EFBC}") = "Unity.Services.Core.Configuration.Editor", "Unity.Services.Core.Configuration.Editor.csproj", "{6bcf28a4-008b-967b-61ec-4de27c06f65e}"
EndProject
Project("{FAE04EC0-301F-11D3-BF4B-00C04F79EFBC}") = "Unity.2D.Tilemap.Extras.Editor", "Unity.2D.Tilemap.Extras.Editor.csproj", "{db63a416-89fd-3bbc-dc7e-3b670ebffc41}"
EndProject
Project("{FAE04EC0-301F-11D3-BF4B-00C04F79EFBC}") = "Unity.Burst.Editor", "Unity.Burst.Editor.csproj", "{93d5517a-db92-413c-640c-7d4c79cb3590}"
EndProject
Project("{FAE04EC0-301F-11D3-BF4B-00C04F79EFBC}") = "Unity.InternalAPIEditorBridge.001", "Unity.InternalAPIEditorBridge.001.csproj", "{b324bc9b-1e41-0097-fd02-20b74822b8c0}"
EndProject
Project("{FAE04EC0-301F-11D3-BF4B-00C04F79EFBC}") = "Unity.VisualScripting.Shared.Editor", "Unity.VisualScripting.Shared.Editor.csproj", "{c5276fbe-6e2a-cb34-7836-aa24bebffdba}"
EndProject
Project("{FAE04EC0-301F-11D3-BF4B-00C04F79EFBC}") = "UnityEngine.UI", "UnityEngine.UI.Player.csproj", "{e303c0a0-e7a5-f012-e811-a388c0486ce3}"
EndProject
Project("{FAE04EC0-301F-11D3-BF4B-00C04F79EFBC}") = "UnityEngine.TestRunner", "UnityEngine.TestRunner.Player.csproj", "{86d62452-6aec-8cec-47ae-ba80f233082d}"
EndProject
Project("{FAE04EC0-301F-11D3-BF4B-00C04F79EFBC}") = "Unity.VisualScripting.Flow", "Unity.VisualScripting.Flow.Player.csproj", "{e1f5d56a-1d19-2a91-b62d-00544321d355}"
EndProject
Project("{FAE04EC0-301F-11D3-BF4B-00C04F79EFBC}") = "Unity.Mathematics", "Unity.Mathematics.Player.csproj", "{2cb6ec0f-ccaa-a72f-a322-ce4fac547d3f}"
EndProject
Project("{FAE04EC0-301F-11D3-BF4B-00C04F79EFBC}") = "Unity.Services.Core.Telemetry", "Unity.Services.Core.Telemetry.Player.csproj", "{514b9c7e-dc8b-9569-6996-1529c97f052a}"
EndProject
Project("{FAE04EC0-301F-11D3-BF4B-00C04F79EFBC}") = "Unity.VisualScripting.State", "Unity.VisualScripting.State.Player.csproj", "{089f2e47-493f-4158-7594-c4d8fac56079}"
EndProject
Project("{FAE04EC0-301F-11D3-BF4B-00C04F79EFBC}") = "Unity.VisualScripting.Core", "Unity.VisualScripting.Core.Player.csproj", "{e4138466-8c0c-de8e-9f0c-d087d22f2eed}"
EndProject
Project("{FAE04EC0-301F-11D3-BF4B-00C04F79EFBC}") = "Unity.Services.Core.Environments.Internal", "Unity.Services.Core.Environments.Internal.Player.csproj", "{1f1e045b-d7ad-da8f-1bb3-e3f672d2c4bb}"
EndProject
Project("{FAE04EC0-301F-11D3-BF4B-00C04F79EFBC}") = "Unity.Burst", "Unity.Burst.Player.csproj", "{2b723b45-9008-2c8d-7230-e909443bd30a}"
EndProject
Project("{FAE04EC0-301F-11D3-BF4B-00C04F79EFBC}") = "Unity.2D.Animation.Runtime", "Unity.2D.Animation.Runtime.Player.csproj", "{d7e995c1-3cea-a046-7dac-97da12960ff5}"
EndProject
Project("{FAE04EC0-301F-11D3-BF4B-00C04F79EFBC}") = "Unity.TextMeshPro", "Unity.TextMeshPro.Player.csproj", "{29ddbb02-4deb-e27a-7dac-83ffce99399d}"
EndProject
Project("{FAE04EC0-301F-11D3-BF4B-00C04F79EFBC}") = "Unity.Timeline", "Unity.Timeline.Player.csproj", "{6fb53e61-d39d-67d9-5658-622061bbd91f}"
EndProject
Project("{FAE04EC0-301F-11D3-BF4B-00C04F79EFBC}") = "Unity.Services.Core", "Unity.Services.Core.Player.csproj", "{304b150d-8e59-a4b2-e07c-af715fd5995b}"
EndProject
Project("{FAE04EC0-301F-11D3-BF4B-00C04F79EFBC}") = "Unity.Services.Core.Environments", "Unity.Services.Core.Environments.Player.csproj", "{8f3aaa8f-f990-3cb6-5539-10326f0df26c}"
EndProject
Project("{FAE04EC0-301F-11D3-BF4B-00C04F79EFBC}") = "Unity.Services.Core.Internal", "Unity.Services.Core.Internal.Player.csproj", "{48b2c432-a90c-e0c1-a794-c5ce626a21af}"
EndProject
Project("{FAE04EC0-301F-11D3-BF4B-00C04F79EFBC}") = "Unity.Services.Core.Analytics", "Unity.Services.Core.Analytics.Player.csproj", "{aff56e29-3157-6d53-7f69-d5db41401b6c}"
EndProject
Project("{FAE04EC0-301F-11D3-BF4B-00C04F79EFBC}") = "Unity.2D.SpriteShape.Runtime", "Unity.2D.SpriteShape.Runtime.Player.csproj", "{289f3170-af1d-ca5c-57c0-190914e5f436}"
EndProject
Project("{FAE04EC0-301F-11D3-BF4B-00C04F79EFBC}") = "Unity.Services.Core.Scheduler", "Unity.Services.Core.Scheduler.Player.csproj", "{f95416e5-1fa1-776b-2430-7f36b440b8c0}"
EndProject
Project("{FAE04EC0-301F-11D3-BF4B-00C04F79EFBC}") = "Assembly-CSharp", "Assembly-CSharp.Player.csproj", "{23f86f4f-2d25-9bff-af1e-ce3b93f9fd77}"
EndProject
Project("{FAE04EC0-301F-11D3-BF4B-00C04F79EFBC}") = "Unity.Services.Core.Registration", "Unity.Services.Core.Registration.Player.csproj", "{04cf35fb-7f06-32e9-7601-9e8b2374c31a}"
EndProject
Project("{FAE04EC0-301F-11D3-BF4B-00C04F79EFBC}") = "Unity.2D.PixelPerfect", "Unity.2D.PixelPerfect.Player.csproj", "{e63d83b5-1ee9-499c-aa56-85525d8fb603}"
EndProject
Project("{FAE04EC0-301F-11D3-BF4B-00C04F79EFBC}") = "Unity.2D.Common.Runtime", "Unity.2D.Common.Runtime.Player.csproj", "{47c4b6ba-1cd1-c27a-c2fa-ce0ab0e08861}"
EndProject
Project("{FAE04EC0-301F-11D3-BF4B-00C04F79EFBC}") = "Unity.2D.IK.Runtime", "Unity.2D.IK.Runtime.Player.csproj", "{9482e318-0686-5e13-e5bd-53fb06662c51}"
EndProject
Project("{FAE04EC0-301F-11D3-BF4B-00C04F79EFBC}") = "Unity.Services.Core.Device", "Unity.Services.Core.Device.Player.csproj", "{cdc3119b-1137-6ae9-c345-a9f3fe5cff6f}"
EndProject
Project("{FAE04EC0-301F-11D3-BF4B-00C04F79EFBC}") = "Unity.Services.Core.Threading", "Unity.Services.Core.Threading.Player.csproj", "{4a0eb792-9c9a-e2b6-0c37-b8db85747f18}"
EndProject
Project("{FAE04EC0-301F-11D3-BF4B-00C04F79EFBC}") = "Unity.2D.Tilemap.Extras", "Unity.2D.Tilemap.Extras.Player.csproj", "{fff490c7-8fa1-26b4-17aa-fca7ade6be4c}"
EndProject
Project("{FAE04EC0-301F-11D3-BF4B-00C04F79EFBC}") = "Unity.Services.Core.Networking", "Unity.Services.Core.Networking.Player.csproj", "{ad2a8dd2-23b2-62d7-fbd3-a2d29ce540e9}"
EndProject
Project("{FAE04EC0-301F-11D3-BF4B-00C04F79EFBC}") = "Unity.InternalAPIEngineBridge.001", "Unity.InternalAPIEngineBridge.001.Player.csproj", "{acd6d442-c8e5-4366-03eb-41ec69abe8f2}"
EndProject
Project("{FAE04EC0-301F-11D3-BF4B-00C04F79EFBC}") = "Unity.Services.Core.Configuration", "Unity.Services.Core.Configuration.Player.csproj", "{3d4d2bdf-354a-fd01-8dc8-049faf0cc145}"
EndProject
Project("{FAE04EC0-301F-11D3-BF4B-00C04F79EFBC}") = "UnityEngine.UI.Tests", "UnityEngine.UI.Tests.csproj", "{faf6e277-12aa-82d9-e5c4-89b92beac74b}"
EndProject
Project("{FAE04EC0-301F-11D3-BF4B-00C04F79EFBC}") = "Unity.Burst.Tests.UnitTests", "Unity.Burst.Tests.UnitTests.csproj", "{5e0ffa91-bd46-fb6f-d38d-12ee736ec784}"
EndProject
Project("{FAE04EC0-301F-11D3-BF4B-00C04F79EFBC}") = "UnityEditor.UI.EditorTests", "UnityEditor.UI.EditorTests.csproj", "{af163338-e6a6-a1a5-431b-92d6dedc88d1}"
EndProject
Project("{FAE04EC0-301F-11D3-BF4B-00C04F79EFBC}") = "Unity.Mathematics.Tests", "Unity.Mathematics.Tests.csproj", "{03674bec-9aad-088c-ce66-1bc9e2634958}"
EndProject
Project("{FAE04EC0-301F-11D3-BF4B-00C04F79EFBC}") = "Unity.TextMeshPro.Tests", "Unity.TextMeshPro.Tests.csproj", "{ef1e1741-14fc-7346-e41d-0f429b3803dd}"
EndProject
Project("{FAE04EC0-301F-11D3-BF4B-00C04F79EFBC}") = "Unity.2D.Path.Tests", "Unity.2D.Path.Tests.csproj", "{089d86a2-0009-46a7-8bce-8e258e0694c6}"
EndProject
Project("{FAE04EC0-301F-11D3-BF4B-00C04F79EFBC}") = "Unity.2D.Sprite.Package.EditorTests", "Unity.2D.Sprite.Package.EditorTests.csproj", "{93a5d348-b766-98c6-b3c9-e10deb7c20d9}"
EndProject
Project("{FAE04EC0-301F-11D3-BF4B-00C04F79EFBC}") = "Unity.2D.Tilemap.Package.EditorTests", "Unity.2D.Tilemap.Package.EditorTests.csproj", "{85c0693d-1978-b7e3-1713-b1ac88e68b28}"
EndProject
Project("{FAE04EC0-301F-11D3-BF4B-00C04F79EFBC}") = "Unity.2D.PixelPerfect.EditorTests", "Unity.2D.PixelPerfect.EditorTests.csproj", "{d35a1148-7471-5d9b-c80e-56012af7f172}"
EndProject
Project("{FAE04EC0-301F-11D3-BF4B-00C04F79EFBC}") = "Unity.Burst.Editor.Tests", "Unity.Burst.Editor.Tests.csproj", "{aeabb10a-354f-1169-6493-61b528784f65}"
EndProject
Project("{FAE04EC0-301F-11D3-BF4B-00C04F79EFBC}") = "Unity.2D.SpriteShape.EditorTests", "Unity.2D.SpriteShape.EditorTests.csproj", "{6418f67a-1be1-cf73-a090-583ec11aa4f5}"
EndProject
Project("{FAE04EC0-301F-11D3-BF4B-00C04F79EFBC}") = "Unity.2D.Common.EditorTests", "Unity.2D.Common.EditorTests.csproj", "{3f609b64-ec3c-75cf-8564-afa13bf1ce3f}"
EndProject
Project("{FAE04EC0-301F-11D3-BF4B-00C04F79EFBC}") = "Unity.2D.Psdimporter.EditorTests", "Unity.2D.Psdimporter.EditorTests.csproj", "{e2ed5840-2486-d5cd-e1fe-b67d73a03870}"
EndProject
Project("{FAE04EC0-301F-11D3-BF4B-00C04F79EFBC}") = "DocCodeExamples", "DocCodeExamples.csproj", "{1d36206f-2efa-0d93-1320-37e16ae6f4f4}"
EndProject
Project("{FAE04EC0-301F-11D3-BF4B-00C04F79EFBC}") = "Unity.TextMeshPro.Editor.Tests", "Unity.TextMeshPro.Editor.Tests.csproj", "{f0318491-f4e4-9df8-896b-cf6aaa56a4d6}"
EndProject
Project("{FAE04EC0-301F-11D3-BF4B-00C04F79EFBC}") = "Unity.2D.Tilemap.Extras.Placeholder.EditorTests", "Unity.2D.Tilemap.Extras.Placeholder.EditorTests.csproj", "{6556cd34-2582-ab9a-a0c1-8b5e4e717754}"
EndProject
Project("{FAE04EC0-301F-11D3-BF4B-00C04F79EFBC}") = "Unity.2D.Animation.EditorTests", "Unity.2D.Animation.EditorTests.csproj", "{d6c278a9-8763-656a-45f7-b12fd1014aba}"
EndProject
Project("{FAE04EC0-301F-11D3-BF4B-00C04F79EFBC}") = "SeparateAssembly", "SeparateAssembly.csproj", "{1fd0503c-0742-7f54-0cf4-5bca7feee0b4}"
EndProject
Global
	GlobalSection(SolutionConfigurationPlatforms) = preSolution
		Debug|Any CPU = Debug|Any CPU
	EndGlobalSection
	GlobalSection(ProjectConfigurationPlatforms) = postSolution
		{a235a9e9-27e9-52c0-a478-dd9aabf61680}.Debug|Any CPU.ActiveCfg = Debug|Any CPU
		{a235a9e9-27e9-52c0-a478-dd9aabf61680}.Debug|Any CPU.Build.0 = Debug|Any CPU
		{2d2286c3-1818-be1d-2cac-268b7d409781}.Debug|Any CPU.ActiveCfg = Debug|Any CPU
		{2d2286c3-1818-be1d-2cac-268b7d409781}.Debug|Any CPU.Build.0 = Debug|Any CPU
		{4d3e46fa-f702-2d93-3f16-a43976758ea6}.Debug|Any CPU.ActiveCfg = Debug|Any CPU
		{4d3e46fa-f702-2d93-3f16-a43976758ea6}.Debug|Any CPU.Build.0 = Debug|Any CPU
		{53a39349-6cf0-16dd-534e-3c9602f19081}.Debug|Any CPU.ActiveCfg = Debug|Any CPU
		{53a39349-6cf0-16dd-534e-3c9602f19081}.Debug|Any CPU.Build.0 = Debug|Any CPU
		{801be57b-4ff6-3957-3b64-19719b543434}.Debug|Any CPU.ActiveCfg = Debug|Any CPU
		{801be57b-4ff6-3957-3b64-19719b543434}.Debug|Any CPU.Build.0 = Debug|Any CPU
		{34c6cc2d-4bbf-bbbd-649a-2bf86e6afaf5}.Debug|Any CPU.ActiveCfg = Debug|Any CPU
		{34c6cc2d-4bbf-bbbd-649a-2bf86e6afaf5}.Debug|Any CPU.Build.0 = Debug|Any CPU
		{1fcfa6e9-86fd-f1cd-bae7-009160873771}.Debug|Any CPU.ActiveCfg = Debug|Any CPU
		{1fcfa6e9-86fd-f1cd-bae7-009160873771}.Debug|Any CPU.Build.0 = Debug|Any CPU
		{87cda6f3-ea6f-3f72-8845-03b00790141a}.Debug|Any CPU.ActiveCfg = Debug|Any CPU
		{87cda6f3-ea6f-3f72-8845-03b00790141a}.Debug|Any CPU.Build.0 = Debug|Any CPU
		{989c4b28-0ea4-f9f0-6ce3-c6dbdd66afc3}.Debug|Any CPU.ActiveCfg = Debug|Any CPU
		{989c4b28-0ea4-f9f0-6ce3-c6dbdd66afc3}.Debug|Any CPU.Build.0 = Debug|Any CPU
		{762af24e-9b30-cc9d-d5da-ad469d215e48}.Debug|Any CPU.ActiveCfg = Debug|Any CPU
		{762af24e-9b30-cc9d-d5da-ad469d215e48}.Debug|Any CPU.Build.0 = Debug|Any CPU
		{5f625c6a-92fb-fc13-1a7c-7145c1917619}.Debug|Any CPU.ActiveCfg = Debug|Any CPU
		{5f625c6a-92fb-fc13-1a7c-7145c1917619}.Debug|Any CPU.Build.0 = Debug|Any CPU
		{b6165393-157c-c392-64e1-5590ea35d93a}.Debug|Any CPU.ActiveCfg = Debug|Any CPU
		{b6165393-157c-c392-64e1-5590ea35d93a}.Debug|Any CPU.Build.0 = Debug|Any CPU
		{1ec25c1f-9980-086e-4800-34e8cedd82ab}.Debug|Any CPU.ActiveCfg = Debug|Any CPU
		{1ec25c1f-9980-086e-4800-34e8cedd82ab}.Debug|Any CPU.Build.0 = Debug|Any CPU
		{5bf92ea6-a0c4-fc01-c567-921b187eba20}.Debug|Any CPU.ActiveCfg = Debug|Any CPU
		{5bf92ea6-a0c4-fc01-c567-921b187eba20}.Debug|Any CPU.Build.0 = Debug|Any CPU
		{5612c818-c5b6-2628-73eb-46fee540d9fb}.Debug|Any CPU.ActiveCfg = Debug|Any CPU
		{5612c818-c5b6-2628-73eb-46fee540d9fb}.Debug|Any CPU.Build.0 = Debug|Any CPU
		{41529c81-7ede-13f2-cc82-52f77ee373d3}.Debug|Any CPU.ActiveCfg = Debug|Any CPU
		{41529c81-7ede-13f2-cc82-52f77ee373d3}.Debug|Any CPU.Build.0 = Debug|Any CPU
		{530fb427-a5cc-8165-d5c1-fc792bc4b092}.Debug|Any CPU.ActiveCfg = Debug|Any CPU
		{530fb427-a5cc-8165-d5c1-fc792bc4b092}.Debug|Any CPU.Build.0 = Debug|Any CPU
		{81d8f7ae-14eb-d6a5-2da1-0189034f18e9}.Debug|Any CPU.ActiveCfg = Debug|Any CPU
		{81d8f7ae-14eb-d6a5-2da1-0189034f18e9}.Debug|Any CPU.Build.0 = Debug|Any CPU
		{0d81dafa-28ab-4594-8307-6f871abf2891}.Debug|Any CPU.ActiveCfg = Debug|Any CPU
		{0d81dafa-28ab-4594-8307-6f871abf2891}.Debug|Any CPU.Build.0 = Debug|Any CPU
		{e370351f-c240-b8a9-0e3a-7720838b5fde}.Debug|Any CPU.ActiveCfg = Debug|Any CPU
		{e370351f-c240-b8a9-0e3a-7720838b5fde}.Debug|Any CPU.Build.0 = Debug|Any CPU
		{2caac3be-38d0-3e9b-4a98-bdf496929117}.Debug|Any CPU.ActiveCfg = Debug|Any CPU
		{2caac3be-38d0-3e9b-4a98-bdf496929117}.Debug|Any CPU.Build.0 = Debug|Any CPU
		{171ceed8-9089-195a-cdc3-483a6563ba7e}.Debug|Any CPU.ActiveCfg = Debug|Any CPU
		{171ceed8-9089-195a-cdc3-483a6563ba7e}.Debug|Any CPU.Build.0 = Debug|Any CPU
		{7322e9c7-f26c-1cc0-464e-d56a0906e509}.Debug|Any CPU.ActiveCfg = Debug|Any CPU
		{7322e9c7-f26c-1cc0-464e-d56a0906e509}.Debug|Any CPU.Build.0 = Debug|Any CPU
		{53f91ef7-e883-4268-8653-c9526c173095}.Debug|Any CPU.ActiveCfg = Debug|Any CPU
		{53f91ef7-e883-4268-8653-c9526c173095}.Debug|Any CPU.Build.0 = Debug|Any CPU
		{6f75a68f-9063-b286-3a42-948e63f6bb0a}.Debug|Any CPU.ActiveCfg = Debug|Any CPU
		{6f75a68f-9063-b286-3a42-948e63f6bb0a}.Debug|Any CPU.Build.0 = Debug|Any CPU
		{9a3fae30-9642-34a2-37d7-d801d7d7d258}.Debug|Any CPU.ActiveCfg = Debug|Any CPU
		{9a3fae30-9642-34a2-37d7-d801d7d7d258}.Debug|Any CPU.Build.0 = Debug|Any CPU
		{b575e7b6-e43a-b800-a9df-6ee680b22003}.Debug|Any CPU.ActiveCfg = Debug|Any CPU
		{b575e7b6-e43a-b800-a9df-6ee680b22003}.Debug|Any CPU.Build.0 = Debug|Any CPU
		{dac74afe-e49c-74fc-6870-314f53e4a32f}.Debug|Any CPU.ActiveCfg = Debug|Any CPU
		{dac74afe-e49c-74fc-6870-314f53e4a32f}.Debug|Any CPU.Build.0 = Debug|Any CPU
		{f970c03c-e8d0-16ce-b4ff-5e02e9cd80cd}.Debug|Any CPU.ActiveCfg = Debug|Any CPU
		{f970c03c-e8d0-16ce-b4ff-5e02e9cd80cd}.Debug|Any CPU.Build.0 = Debug|Any CPU
		{51307a89-9517-3fa8-9e4d-ba50affe1afe}.Debug|Any CPU.ActiveCfg = Debug|Any CPU
		{51307a89-9517-3fa8-9e4d-ba50affe1afe}.Debug|Any CPU.Build.0 = Debug|Any CPU
		{55e9d122-8de6-cdcc-fe26-1e62ba426069}.Debug|Any CPU.ActiveCfg = Debug|Any CPU
		{55e9d122-8de6-cdcc-fe26-1e62ba426069}.Debug|Any CPU.Build.0 = Debug|Any CPU
		{d2769af9-96aa-f7d0-3d4d-e063e4e48ac2}.Debug|Any CPU.ActiveCfg = Debug|Any CPU
		{d2769af9-96aa-f7d0-3d4d-e063e4e48ac2}.Debug|Any CPU.Build.0 = Debug|Any CPU
		{79656718-ba8d-9632-2d9d-990012bb0a19}.Debug|Any CPU.ActiveCfg = Debug|Any CPU
		{79656718-ba8d-9632-2d9d-990012bb0a19}.Debug|Any CPU.Build.0 = Debug|Any CPU
		{0e25f9bc-abcf-cb5f-a707-80b80c39496b}.Debug|Any CPU.ActiveCfg = Debug|Any CPU
		{0e25f9bc-abcf-cb5f-a707-80b80c39496b}.Debug|Any CPU.Build.0 = Debug|Any CPU
		{f1036df6-6467-5e4b-565f-31e144927c2b}.Debug|Any CPU.ActiveCfg = Debug|Any CPU
		{f1036df6-6467-5e4b-565f-31e144927c2b}.Debug|Any CPU.Build.0 = Debug|Any CPU
		{ac5b3156-87ea-a4e6-ebfb-e4666fe15948}.Debug|Any CPU.ActiveCfg = Debug|Any CPU
		{ac5b3156-87ea-a4e6-ebfb-e4666fe15948}.Debug|Any CPU.Build.0 = Debug|Any CPU
		{c4ef71b6-9037-9994-c53c-48b75ebff516}.Debug|Any CPU.ActiveCfg = Debug|Any CPU
		{c4ef71b6-9037-9994-c53c-48b75ebff516}.Debug|Any CPU.Build.0 = Debug|Any CPU
		{871af4bf-d40d-564d-e57a-2e3c6eb96805}.Debug|Any CPU.ActiveCfg = Debug|Any CPU
		{871af4bf-d40d-564d-e57a-2e3c6eb96805}.Debug|Any CPU.Build.0 = Debug|Any CPU
		{0ea5dad0-afdb-9ed9-b3b0-0365620a9a1b}.Debug|Any CPU.ActiveCfg = Debug|Any CPU
		{0ea5dad0-afdb-9ed9-b3b0-0365620a9a1b}.Debug|Any CPU.Build.0 = Debug|Any CPU
		{847109e7-ab5e-46e3-b831-4aba47e91dea}.Debug|Any CPU.ActiveCfg = Debug|Any CPU
		{847109e7-ab5e-46e3-b831-4aba47e91dea}.Debug|Any CPU.Build.0 = Debug|Any CPU
		{eaa8ccad-da59-49b5-bb0e-675b3ffe21b8}.Debug|Any CPU.ActiveCfg = Debug|Any CPU
		{eaa8ccad-da59-49b5-bb0e-675b3ffe21b8}.Debug|Any CPU.Build.0 = Debug|Any CPU
		{7668f07e-2d96-10bd-5d4c-7d44d35a439a}.Debug|Any CPU.ActiveCfg = Debug|Any CPU
		{7668f07e-2d96-10bd-5d4c-7d44d35a439a}.Debug|Any CPU.Build.0 = Debug|Any CPU
		{ac8cd76e-e347-ddc4-f6de-758114d3221b}.Debug|Any CPU.ActiveCfg = Debug|Any CPU
		{ac8cd76e-e347-ddc4-f6de-758114d3221b}.Debug|Any CPU.Build.0 = Debug|Any CPU
		{16f7d05c-44ce-c950-0a23-fba9cbc1998a}.Debug|Any CPU.ActiveCfg = Debug|Any CPU
		{16f7d05c-44ce-c950-0a23-fba9cbc1998a}.Debug|Any CPU.Build.0 = Debug|Any CPU
		{32c0f9b5-2a30-3827-bf46-8548eebd7ed5}.Debug|Any CPU.ActiveCfg = Debug|Any CPU
		{32c0f9b5-2a30-3827-bf46-8548eebd7ed5}.Debug|Any CPU.Build.0 = Debug|Any CPU
		{2e520180-c669-aeb2-631e-8989ec2871a6}.Debug|Any CPU.ActiveCfg = Debug|Any CPU
		{2e520180-c669-aeb2-631e-8989ec2871a6}.Debug|Any CPU.Build.0 = Debug|Any CPU
		{44dab8d2-82c6-3154-2a51-0516f9145561}.Debug|Any CPU.ActiveCfg = Debug|Any CPU
		{44dab8d2-82c6-3154-2a51-0516f9145561}.Debug|Any CPU.Build.0 = Debug|Any CPU
		{48a4a192-0e53-758c-7d0b-3f54f3c70403}.Debug|Any CPU.ActiveCfg = Debug|Any CPU
		{48a4a192-0e53-758c-7d0b-3f54f3c70403}.Debug|Any CPU.Build.0 = Debug|Any CPU
		{ae2d73f1-b6df-1e2d-5381-423a8d9d7fff}.Debug|Any CPU.ActiveCfg = Debug|Any CPU
		{ae2d73f1-b6df-1e2d-5381-423a8d9d7fff}.Debug|Any CPU.Build.0 = Debug|Any CPU
		{977f2fb7-5347-2672-66f5-c34b42d5fdc4}.Debug|Any CPU.ActiveCfg = Debug|Any CPU
		{977f2fb7-5347-2672-66f5-c34b42d5fdc4}.Debug|Any CPU.Build.0 = Debug|Any CPU
		{3b896fec-a74b-c49c-6708-ae805d0aa311}.Debug|Any CPU.ActiveCfg = Debug|Any CPU
		{3b896fec-a74b-c49c-6708-ae805d0aa311}.Debug|Any CPU.Build.0 = Debug|Any CPU
		{e3318894-b4bc-a076-056a-670362813bd1}.Debug|Any CPU.ActiveCfg = Debug|Any CPU
		{e3318894-b4bc-a076-056a-670362813bd1}.Debug|Any CPU.Build.0 = Debug|Any CPU
		{7db93acf-beb0-32d7-979b-b416a85dd129}.Debug|Any CPU.ActiveCfg = Debug|Any CPU
		{7db93acf-beb0-32d7-979b-b416a85dd129}.Debug|Any CPU.Build.0 = Debug|Any CPU
		{2dfff053-8791-d861-05b5-f6dcd13ecfc2}.Debug|Any CPU.ActiveCfg = Debug|Any CPU
		{2dfff053-8791-d861-05b5-f6dcd13ecfc2}.Debug|Any CPU.Build.0 = Debug|Any CPU
		{f847e637-9996-8be0-577b-8cddadcb4504}.Debug|Any CPU.ActiveCfg = Debug|Any CPU
		{f847e637-9996-8be0-577b-8cddadcb4504}.Debug|Any CPU.Build.0 = Debug|Any CPU
		{6bcf28a4-008b-967b-61ec-4de27c06f65e}.Debug|Any CPU.ActiveCfg = Debug|Any CPU
		{6bcf28a4-008b-967b-61ec-4de27c06f65e}.Debug|Any CPU.Build.0 = Debug|Any CPU
		{db63a416-89fd-3bbc-dc7e-3b670ebffc41}.Debug|Any CPU.ActiveCfg = Debug|Any CPU
		{db63a416-89fd-3bbc-dc7e-3b670ebffc41}.Debug|Any CPU.Build.0 = Debug|Any CPU
		{93d5517a-db92-413c-640c-7d4c79cb3590}.Debug|Any CPU.ActiveCfg = Debug|Any CPU
		{93d5517a-db92-413c-640c-7d4c79cb3590}.Debug|Any CPU.Build.0 = Debug|Any CPU
		{b324bc9b-1e41-0097-fd02-20b74822b8c0}.Debug|Any CPU.ActiveCfg = Debug|Any CPU
		{b324bc9b-1e41-0097-fd02-20b74822b8c0}.Debug|Any CPU.Build.0 = Debug|Any CPU
		{c5276fbe-6e2a-cb34-7836-aa24bebffdba}.Debug|Any CPU.ActiveCfg = Debug|Any CPU
		{c5276fbe-6e2a-cb34-7836-aa24bebffdba}.Debug|Any CPU.Build.0 = Debug|Any CPU
		{e303c0a0-e7a5-f012-e811-a388c0486ce3}.Debug|Any CPU.ActiveCfg = Debug|Any CPU
		{e303c0a0-e7a5-f012-e811-a388c0486ce3}.Debug|Any CPU.Build.0 = Debug|Any CPU
		{86d62452-6aec-8cec-47ae-ba80f233082d}.Debug|Any CPU.ActiveCfg = Debug|Any CPU
		{86d62452-6aec-8cec-47ae-ba80f233082d}.Debug|Any CPU.Build.0 = Debug|Any CPU
		{e1f5d56a-1d19-2a91-b62d-00544321d355}.Debug|Any CPU.ActiveCfg = Debug|Any CPU
		{e1f5d56a-1d19-2a91-b62d-00544321d355}.Debug|Any CPU.Build.0 = Debug|Any CPU
		{2cb6ec0f-ccaa-a72f-a322-ce4fac547d3f}.Debug|Any CPU.ActiveCfg = Debug|Any CPU
		{2cb6ec0f-ccaa-a72f-a322-ce4fac547d3f}.Debug|Any CPU.Build.0 = Debug|Any CPU
		{514b9c7e-dc8b-9569-6996-1529c97f052a}.Debug|Any CPU.ActiveCfg = Debug|Any CPU
		{514b9c7e-dc8b-9569-6996-1529c97f052a}.Debug|Any CPU.Build.0 = Debug|Any CPU
		{089f2e47-493f-4158-7594-c4d8fac56079}.Debug|Any CPU.ActiveCfg = Debug|Any CPU
		{089f2e47-493f-4158-7594-c4d8fac56079}.Debug|Any CPU.Build.0 = Debug|Any CPU
		{e4138466-8c0c-de8e-9f0c-d087d22f2eed}.Debug|Any CPU.ActiveCfg = Debug|Any CPU
		{e4138466-8c0c-de8e-9f0c-d087d22f2eed}.Debug|Any CPU.Build.0 = Debug|Any CPU
		{1f1e045b-d7ad-da8f-1bb3-e3f672d2c4bb}.Debug|Any CPU.ActiveCfg = Debug|Any CPU
		{1f1e045b-d7ad-da8f-1bb3-e3f672d2c4bb}.Debug|Any CPU.Build.0 = Debug|Any CPU
		{2b723b45-9008-2c8d-7230-e909443bd30a}.Debug|Any CPU.ActiveCfg = Debug|Any CPU
		{2b723b45-9008-2c8d-7230-e909443bd30a}.Debug|Any CPU.Build.0 = Debug|Any CPU
		{d7e995c1-3cea-a046-7dac-97da12960ff5}.Debug|Any CPU.ActiveCfg = Debug|Any CPU
		{d7e995c1-3cea-a046-7dac-97da12960ff5}.Debug|Any CPU.Build.0 = Debug|Any CPU
		{29ddbb02-4deb-e27a-7dac-83ffce99399d}.Debug|Any CPU.ActiveCfg = Debug|Any CPU
		{29ddbb02-4deb-e27a-7dac-83ffce99399d}.Debug|Any CPU.Build.0 = Debug|Any CPU
		{6fb53e61-d39d-67d9-5658-622061bbd91f}.Debug|Any CPU.ActiveCfg = Debug|Any CPU
		{6fb53e61-d39d-67d9-5658-622061bbd91f}.Debug|Any CPU.Build.0 = Debug|Any CPU
		{304b150d-8e59-a4b2-e07c-af715fd5995b}.Debug|Any CPU.ActiveCfg = Debug|Any CPU
		{304b150d-8e59-a4b2-e07c-af715fd5995b}.Debug|Any CPU.Build.0 = Debug|Any CPU
		{8f3aaa8f-f990-3cb6-5539-10326f0df26c}.Debug|Any CPU.ActiveCfg = Debug|Any CPU
		{8f3aaa8f-f990-3cb6-5539-10326f0df26c}.Debug|Any CPU.Build.0 = Debug|Any CPU
		{48b2c432-a90c-e0c1-a794-c5ce626a21af}.Debug|Any CPU.ActiveCfg = Debug|Any CPU
		{48b2c432-a90c-e0c1-a794-c5ce626a21af}.Debug|Any CPU.Build.0 = Debug|Any CPU
		{aff56e29-3157-6d53-7f69-d5db41401b6c}.Debug|Any CPU.ActiveCfg = Debug|Any CPU
		{aff56e29-3157-6d53-7f69-d5db41401b6c}.Debug|Any CPU.Build.0 = Debug|Any CPU
		{289f3170-af1d-ca5c-57c0-190914e5f436}.Debug|Any CPU.ActiveCfg = Debug|Any CPU
		{289f3170-af1d-ca5c-57c0-190914e5f436}.Debug|Any CPU.Build.0 = Debug|Any CPU
		{f95416e5-1fa1-776b-2430-7f36b440b8c0}.Debug|Any CPU.ActiveCfg = Debug|Any CPU
		{f95416e5-1fa1-776b-2430-7f36b440b8c0}.Debug|Any CPU.Build.0 = Debug|Any CPU
		{23f86f4f-2d25-9bff-af1e-ce3b93f9fd77}.Debug|Any CPU.ActiveCfg = Debug|Any CPU
		{23f86f4f-2d25-9bff-af1e-ce3b93f9fd77}.Debug|Any CPU.Build.0 = Debug|Any CPU
		{04cf35fb-7f06-32e9-7601-9e8b2374c31a}.Debug|Any CPU.ActiveCfg = Debug|Any CPU
		{04cf35fb-7f06-32e9-7601-9e8b2374c31a}.Debug|Any CPU.Build.0 = Debug|Any CPU
		{e63d83b5-1ee9-499c-aa56-85525d8fb603}.Debug|Any CPU.ActiveCfg = Debug|Any CPU
		{e63d83b5-1ee9-499c-aa56-85525d8fb603}.Debug|Any CPU.Build.0 = Debug|Any CPU
		{47c4b6ba-1cd1-c27a-c2fa-ce0ab0e08861}.Debug|Any CPU.ActiveCfg = Debug|Any CPU
		{47c4b6ba-1cd1-c27a-c2fa-ce0ab0e08861}.Debug|Any CPU.Build.0 = Debug|Any CPU
		{9482e318-0686-5e13-e5bd-53fb06662c51}.Debug|Any CPU.ActiveCfg = Debug|Any CPU
		{9482e318-0686-5e13-e5bd-53fb06662c51}.Debug|Any CPU.Build.0 = Debug|Any CPU
		{cdc3119b-1137-6ae9-c345-a9f3fe5cff6f}.Debug|Any CPU.ActiveCfg = Debug|Any CPU
		{cdc3119b-1137-6ae9-c345-a9f3fe5cff6f}.Debug|Any CPU.Build.0 = Debug|Any CPU
		{4a0eb792-9c9a-e2b6-0c37-b8db85747f18}.Debug|Any CPU.ActiveCfg = Debug|Any CPU
		{4a0eb792-9c9a-e2b6-0c37-b8db85747f18}.Debug|Any CPU.Build.0 = Debug|Any CPU
		{fff490c7-8fa1-26b4-17aa-fca7ade6be4c}.Debug|Any CPU.ActiveCfg = Debug|Any CPU
		{fff490c7-8fa1-26b4-17aa-fca7ade6be4c}.Debug|Any CPU.Build.0 = Debug|Any CPU
		{ad2a8dd2-23b2-62d7-fbd3-a2d29ce540e9}.Debug|Any CPU.ActiveCfg = Debug|Any CPU
		{ad2a8dd2-23b2-62d7-fbd3-a2d29ce540e9}.Debug|Any CPU.Build.0 = Debug|Any CPU
		{acd6d442-c8e5-4366-03eb-41ec69abe8f2}.Debug|Any CPU.ActiveCfg = Debug|Any CPU
		{acd6d442-c8e5-4366-03eb-41ec69abe8f2}.Debug|Any CPU.Build.0 = Debug|Any CPU
		{3d4d2bdf-354a-fd01-8dc8-049faf0cc145}.Debug|Any CPU.ActiveCfg = Debug|Any CPU
		{3d4d2bdf-354a-fd01-8dc8-049faf0cc145}.Debug|Any CPU.Build.0 = Debug|Any CPU
		{faf6e277-12aa-82d9-e5c4-89b92beac74b}.Debug|Any CPU.ActiveCfg = Debug|Any CPU
		{faf6e277-12aa-82d9-e5c4-89b92beac74b}.Debug|Any CPU.Build.0 = Debug|Any CPU
		{5e0ffa91-bd46-fb6f-d38d-12ee736ec784}.Debug|Any CPU.ActiveCfg = Debug|Any CPU
		{5e0ffa91-bd46-fb6f-d38d-12ee736ec784}.Debug|Any CPU.Build.0 = Debug|Any CPU
		{af163338-e6a6-a1a5-431b-92d6dedc88d1}.Debug|Any CPU.ActiveCfg = Debug|Any CPU
		{af163338-e6a6-a1a5-431b-92d6dedc88d1}.Debug|Any CPU.Build.0 = Debug|Any CPU
		{03674bec-9aad-088c-ce66-1bc9e2634958}.Debug|Any CPU.ActiveCfg = Debug|Any CPU
		{03674bec-9aad-088c-ce66-1bc9e2634958}.Debug|Any CPU.Build.0 = Debug|Any CPU
		{ef1e1741-14fc-7346-e41d-0f429b3803dd}.Debug|Any CPU.ActiveCfg = Debug|Any CPU
		{ef1e1741-14fc-7346-e41d-0f429b3803dd}.Debug|Any CPU.Build.0 = Debug|Any CPU
		{089d86a2-0009-46a7-8bce-8e258e0694c6}.Debug|Any CPU.ActiveCfg = Debug|Any CPU
		{089d86a2-0009-46a7-8bce-8e258e0694c6}.Debug|Any CPU.Build.0 = Debug|Any CPU
		{93a5d348-b766-98c6-b3c9-e10deb7c20d9}.Debug|Any CPU.ActiveCfg = Debug|Any CPU
		{93a5d348-b766-98c6-b3c9-e10deb7c20d9}.Debug|Any CPU.Build.0 = Debug|Any CPU
		{85c0693d-1978-b7e3-1713-b1ac88e68b28}.Debug|Any CPU.ActiveCfg = Debug|Any CPU
		{85c0693d-1978-b7e3-1713-b1ac88e68b28}.Debug|Any CPU.Build.0 = Debug|Any CPU
		{d35a1148-7471-5d9b-c80e-56012af7f172}.Debug|Any CPU.ActiveCfg = Debug|Any CPU
		{d35a1148-7471-5d9b-c80e-56012af7f172}.Debug|Any CPU.Build.0 = Debug|Any CPU
		{aeabb10a-354f-1169-6493-61b528784f65}.Debug|Any CPU.ActiveCfg = Debug|Any CPU
		{aeabb10a-354f-1169-6493-61b528784f65}.Debug|Any CPU.Build.0 = Debug|Any CPU
		{6418f67a-1be1-cf73-a090-583ec11aa4f5}.Debug|Any CPU.ActiveCfg = Debug|Any CPU
		{6418f67a-1be1-cf73-a090-583ec11aa4f5}.Debug|Any CPU.Build.0 = Debug|Any CPU
		{3f609b64-ec3c-75cf-8564-afa13bf1ce3f}.Debug|Any CPU.ActiveCfg = Debug|Any CPU
		{3f609b64-ec3c-75cf-8564-afa13bf1ce3f}.Debug|Any CPU.Build.0 = Debug|Any CPU
		{e2ed5840-2486-d5cd-e1fe-b67d73a03870}.Debug|Any CPU.ActiveCfg = Debug|Any CPU
		{e2ed5840-2486-d5cd-e1fe-b67d73a03870}.Debug|Any CPU.Build.0 = Debug|Any CPU
		{1d36206f-2efa-0d93-1320-37e16ae6f4f4}.Debug|Any CPU.ActiveCfg = Debug|Any CPU
		{1d36206f-2efa-0d93-1320-37e16ae6f4f4}.Debug|Any CPU.Build.0 = Debug|Any CPU
		{f0318491-f4e4-9df8-896b-cf6aaa56a4d6}.Debug|Any CPU.ActiveCfg = Debug|Any CPU
		{f0318491-f4e4-9df8-896b-cf6aaa56a4d6}.Debug|Any CPU.Build.0 = Debug|Any CPU
		{6556cd34-2582-ab9a-a0c1-8b5e4e717754}.Debug|Any CPU.ActiveCfg = Debug|Any CPU
		{6556cd34-2582-ab9a-a0c1-8b5e4e717754}.Debug|Any CPU.Build.0 = Debug|Any CPU
		{d6c278a9-8763-656a-45f7-b12fd1014aba}.Debug|Any CPU.ActiveCfg = Debug|Any CPU
		{d6c278a9-8763-656a-45f7-b12fd1014aba}.Debug|Any CPU.Build.0 = Debug|Any CPU
		{1fd0503c-0742-7f54-0cf4-5bca7feee0b4}.Debug|Any CPU.ActiveCfg = Debug|Any CPU
		{1fd0503c-0742-7f54-0cf4-5bca7feee0b4}.Debug|Any CPU.Build.0 = Debug|Any CPU
	EndGlobalSection
	GlobalSection(SolutionProperties) = preSolution
		HideSolutionNode = FALSE
	EndGlobalSection
EndGlobal
